// !$*UTF8*$!
{
	archiveVersion = 1;
	classes = {
	};
	objectVersion = 55;
	objects = {

/* Begin PBXBuildFile section */
		680E25CD2880AC5C00556A7B /* ContactTableViewCell.swift in Sources */ = {isa = PBXBuildFile; fileRef = 680E25CB2880AC5C00556A7B /* ContactTableViewCell.swift */; };
		680E25CE2880AC5C00556A7B /* ContactTableViewCell.xib in Resources */ = {isa = PBXBuildFile; fileRef = 680E25CC2880AC5C00556A7B /* ContactTableViewCell.xib */; };
		684BC798287FA00A0093CD24 /* AppDelegate.swift in Sources */ = {isa = PBXBuildFile; fileRef = 684BC797287FA00A0093CD24 /* AppDelegate.swift */; };
		684BC79A287FA00A0093CD24 /* SceneDelegate.swift in Sources */ = {isa = PBXBuildFile; fileRef = 684BC799287FA00A0093CD24 /* SceneDelegate.swift */; };
		684BC79C287FA00A0093CD24 /* ViewController.swift in Sources */ = {isa = PBXBuildFile; fileRef = 684BC79B287FA00A0093CD24 /* ViewController.swift */; };
		684BC79F287FA00A0093CD24 /* Main.storyboard in Resources */ = {isa = PBXBuildFile; fileRef = 684BC79D287FA00A0093CD24 /* Main.storyboard */; };
		684BC7A2287FA00A0093CD24 /* Contact_App_CoreData.xcdatamodeld in Sources */ = {isa = PBXBuildFile; fileRef = 684BC7A0287FA00A0093CD24 /* Contact_App_CoreData.xcdatamodeld */; };
		684BC7A4287FA00B0093CD24 /* Assets.xcassets in Resources */ = {isa = PBXBuildFile; fileRef = 684BC7A3287FA00B0093CD24 /* Assets.xcassets */; };
		684BC7A7287FA00B0093CD24 /* LaunchScreen.storyboard in Resources */ = {isa = PBXBuildFile; fileRef = 684BC7A5287FA00B0093CD24 /* LaunchScreen.storyboard */; };
/* End PBXBuildFile section */

/* Begin PBXFileReference section */
		680E25CB2880AC5C00556A7B /* ContactTableViewCell.swift */ = {isa = PBXFileReference; lastKnownFileType = sourcecode.swift; path = ContactTableViewCell.swift; sourceTree = "<group>"; };
		680E25CC2880AC5C00556A7B /* ContactTableViewCell.xib */ = {isa = PBXFileReference; lastKnownFileType = file.xib; path = ContactTableViewCell.xib; sourceTree = "<group>"; };
		684BC794287FA00A0093CD24 /* Contact App CoreData.app */ = {isa = PBXFileReference; explicitFileType = wrapper.application; includeInIndex = 0; path = "Contact App CoreData.app"; sourceTree = BUILT_PRODUCTS_DIR; };
		684BC797287FA00A0093CD24 /* AppDelegate.swift */ = {isa = PBXFileReference; lastKnownFileType = sourcecode.swift; path = AppDelegate.swift; sourceTree = "<group>"; };
		684BC799287FA00A0093CD24 /* SceneDelegate.swift */ = {isa = PBXFileReference; lastKnownFileType = sourcecode.swift; path = SceneDelegate.swift; sourceTree = "<group>"; };
		684BC79B287FA00A0093CD24 /* ViewController.swift */ = {isa = PBXFileReference; lastKnownFileType = sourcecode.swift; path = ViewController.swift; sourceTree = "<group>"; };
		684BC79E287FA00A0093CD24 /* Base */ = {isa = PBXFileReference; lastKnownFileType = file.storyboard; name = Base; path = Base.lproj/Main.storyboard; sourceTree = "<group>"; };
		684BC7A1287FA00A0093CD24 /* Contact_App_CoreData.xcdatamodel */ = {isa = PBXFileReference; lastKnownFileType = wrapper.xcdatamodel; path = Contact_App_CoreData.xcdatamodel; sourceTree = "<group>"; };
		684BC7A3287FA00B0093CD24 /* Assets.xcassets */ = {isa = PBXFileReference; lastKnownFileType = folder.assetcatalog; path = Assets.xcassets; sourceTree = "<group>"; };
		684BC7A6287FA00B0093CD24 /* Base */ = {isa = PBXFileReference; lastKnownFileType = file.storyboard; name = Base; path = Base.lproj/LaunchScreen.storyboard; sourceTree = "<group>"; };
		684BC7A8287FA00B0093CD24 /* Info.plist */ = {isa = PBXFileReference; lastKnownFileType = text.plist.xml; path = Info.plist; sourceTree = "<group>"; };
/* End PBXFileReference section */

/* Begin PBXFrameworksBuildPhase section */
		684BC791287FA00A0093CD24 /* Frameworks */ = {
			isa = PBXFrameworksBuildPhase;
			buildActionMask = 2147483647;
			files = (
			);
			runOnlyForDeploymentPostprocessing = 0;
		};
/* End PBXFrameworksBuildPhase section */

/* Begin PBXGroup section */
		684BC78B287FA00A0093CD24 = {
			isa = PBXGroup;
			children = (
				684BC796287FA00A0093CD24 /* Contact App CoreData */,
				684BC795287FA00A0093CD24 /* Products */,
			);
			sourceTree = "<group>";
		};
		684BC795287FA00A0093CD24 /* Products */ = {
			isa = PBXGroup;
			children = (
				684BC794287FA00A0093CD24 /* Contact App CoreData.app */,
			);
			name = Products;
			sourceTree = "<group>";
		};
		684BC796287FA00A0093CD24 /* Contact App CoreData */ = {
			isa = PBXGroup;
			children = (
				684BC797287FA00A0093CD24 /* AppDelegate.swift */,
				684BC799287FA00A0093CD24 /* SceneDelegate.swift */,
				684BC79B287FA00A0093CD24 /* ViewController.swift */,
				684BC79D287FA00A0093CD24 /* Main.storyboard */,
				684BC7A3287FA00B0093CD24 /* Assets.xcassets */,
				684BC7A5287FA00B0093CD24 /* LaunchScreen.storyboard */,
				684BC7A8287FA00B0093CD24 /* Info.plist */,
				684BC7A0287FA00A0093CD24 /* Contact_App_CoreData.xcdatamodeld */,
				680E25CB2880AC5C00556A7B /* ContactTableViewCell.swift */,
				680E25CC2880AC5C00556A7B /* ContactTableViewCell.xib */,
			);
			path = "Contact App CoreData";
			sourceTree = "<group>";
		};
/* End PBXGroup section */

/* Begin PBXNativeTarget section */
		684BC793287FA00A0093CD24 /* Contact App CoreData */ = {
			isa = PBXNativeTarget;
			buildConfigurationList = 684BC7AB287FA00B0093CD24 /* Build configuration list for PBXNativeTarget "Contact App CoreData" */;
			buildPhases = (
				684BC790287FA00A0093CD24 /* Sources */,
				684BC791287FA00A0093CD24 /* Frameworks */,
				684BC792287FA00A0093CD24 /* Resources */,
			);
			buildRules = (
			);
			dependencies = (
			);
			name = "Contact App CoreData";
			productName = "Contact App CoreData";
			productReference = 684BC794287FA00A0093CD24 /* Contact App CoreData.app */;
			productType = "com.apple.product-type.application";
		};
/* End PBXNativeTarget section */

/* Begin PBXProject section */
		684BC78C287FA00A0093CD24 /* Project object */ = {
			isa = PBXProject;
			attributes = {
				BuildIndependentTargetsInParallel = 1;
				LastSwiftUpdateCheck = 1340;
				LastUpgradeCheck = 1340;
				TargetAttributes = {
					684BC793287FA00A0093CD24 = {
						CreatedOnToolsVersion = 13.4.1;
					};
				};
			};
			buildConfigurationList = 684BC78F287FA00A0093CD24 /* Build configuration list for PBXProject "Contact App CoreData" */;
			compatibilityVersion = "Xcode 13.0";
			developmentRegion = en;
			hasScannedForEncodings = 0;
			knownRegions = (
				en,
				Base,
			);
			mainGroup = 684BC78B287FA00A0093CD24;
			productRefGroup = 684BC795287FA00A0093CD24 /* Products */;
			projectDirPath = "";
			projectRoot = "";
			targets = (
				684BC793287FA00A0093CD24 /* Contact App CoreData */,
			);
		};
/* End PBXProject section */

/* Begin PBXResourcesBuildPhase section */
		684BC792287FA00A0093CD24 /* Resources */ = {
			isa = PBXResourcesBuildPhase;
			buildActionMask = 2147483647;
			files = (
				680E25CE2880AC5C00556A7B /* ContactTableViewCell.xib in Resources */,
				684BC7A7287FA00B0093CD24 /* LaunchScreen.storyboard in Resources */,
				684BC7A4287FA00B0093CD24 /* Assets.xcassets in Resources */,
				684BC79F287FA00A0093CD24 /* Main.storyboard in Resources */,
			);
			runOnlyForDeploymentPostprocessing = 0;
		};
/* End PBXResourcesBuildPhase section */

/* Begin PBXSourcesBuildPhase section */
		684BC790287FA00A0093CD24 /* Sources */ = {
			isa = PBXSourcesBuildPhase;
			buildActionMask = 2147483647;
			files = (
				684BC79C287FA00A0093CD24 /* ViewController.swift in Sources */,
				680E25CD2880AC5C00556A7B /* ContactTableViewCell.swift in Sources */,
				684BC7A2287FA00A0093CD24 /* Contact_App_CoreData.xcdatamodeld in Sources */,
				684BC798287FA00A0093CD24 /* AppDelegate.swift in Sources */,
				684BC79A287FA00A0093CD24 /* SceneDelegate.swift in Sources */,
			);
			runOnlyForDeploymentPostprocessing = 0;
		};
/* End PBXSourcesBuildPhase section */

/* Begin PBXVariantGroup section */
		684BC79D287FA00A0093CD24 /* Main.storyboard */ = {
			isa = PBXVariantGroup;
			children = (
				684BC79E287FA00A0093CD24 /* Base */,
			);
			name = Main.storyboard;
			sourceTree = "<group>";
		};
		684BC7A5287FA00B0093CD24 /* LaunchScreen.storyboard */ = {
			isa = PBXVariantGroup;
			children = (
				684BC7A6287FA00B0093CD24 /* Base */,
			);
			name = LaunchScreen.storyboard;
			sourceTree = "<group>";
		};
/* End PBXVariantGroup section */

/* Begin XCBuildConfiguration section */
		684BC7A9287FA00B0093CD24 /* Debug */ = {
			isa = XCBuildConfiguration;
			buildSettings = {
				ALWAYS_SEARCH_USER_PATHS = NO;
				CLANG_ANALYZER_NONNULL = YES;
				CLANG_ANALYZER_NUMBER_OBJECT_CONVERSION = YES_AGGRESSIVE;
				CLANG_CXX_LANGUAGE_STANDARD = "gnu++17";
				CLANG_ENABLE_MODULES = YES;
				CLANG_ENABLE_OBJC_ARC = YES;
				CLANG_ENABLE_OBJC_WEAK = YES;
				CLANG_WARN_BLOCK_CAPTURE_AUTORELEASING = YES;
				CLANG_WARN_BOOL_CONVERSION = YES;
				CLANG_WARN_COMMA = YES;
				CLANG_WARN_CONSTANT_CONVERSION = YES;
				CLANG_WARN_DEPRECATED_OBJC_IMPLEMENTATIONS = YES;
				CLANG_WARN_DIRECT_OBJC_ISA_USAGE = YES_ERROR;
				CLANG_WARN_DOCUMENTATION_COMMENTS = YES;
				CLANG_WARN_EMPTY_BODY = YES;
				CLANG_WARN_ENUM_CONVERSION = YES;
				CLANG_WARN_INFINITE_RECURSION = YES;
				CLANG_WARN_INT_CONVERSION = YES;
				CLANG_WARN_NON_LITERAL_NULL_CONVERSION = YES;
				CLANG_WARN_OBJC_IMPLICIT_RETAIN_SELF = YES;
				CLANG_WARN_OBJC_LITERAL_CONVERSION = YES;
				CLANG_WARN_OBJC_ROOT_CLASS = YES_ERROR;
				CLANG_WARN_QUOTED_INCLUDE_IN_FRAMEWORK_HEADER = YES;
				CLANG_WARN_RANGE_LOOP_ANALYSIS = YES;
				CLANG_WARN_STRICT_PROTOTYPES = YES;
				CLANG_WARN_SUSPICIOUS_MOVE = YES;
				CLANG_WARN_UNGUARDED_AVAILABILITY = YES_AGGRESSIVE;
				CLANG_WARN_UNREACHABLE_CODE = YES;
				CLANG_WARN__DUPLICATE_METHOD_MATCH = YES;
				COPY_PHASE_STRIP = NO;
				DEBUG_INFORMATION_FORMAT = dwarf;
				ENABLE_STRICT_OBJC_MSGSEND = YES;
				ENABLE_TESTABILITY = YES;
				GCC_C_LANGUAGE_STANDARD = gnu11;
				GCC_DYNAMIC_NO_PIC = NO;
				GCC_NO_COMMON_BLOCKS = YES;
				GCC_OPTIMIZATION_LEVEL = 0;
				GCC_PREPROCESSOR_DEFINITIONS = (
					"DEBUG=1",
					"$(inherited)",
				);
				GCC_WARN_64_TO_32_BIT_CONVERSION = YES;
				GCC_WARN_ABOUT_RETURN_TYPE = YES_ERROR;
				GCC_WARN_UNDECLARED_SELECTOR = YES;
				GCC_WARN_UNINITIALIZED_AUTOS = YES_AGGRESSIVE;
				GCC_WARN_UNUSED_FUNCTION = YES;
				GCC_WARN_UNUSED_VARIABLE = YES;
				IPHONEOS_DEPLOYMENT_TARGET = 15.5;
				MTL_ENABLE_DEBUG_INFO = INCLUDE_SOURCE;
				MTL_FAST_MATH = YES;
				ONLY_ACTIVE_ARCH = YES;
				SDKROOT = iphoneos;
				SWIFT_ACTIVE_COMPILATION_CONDITIONS = DEBUG;
				SWIFT_OPTIMIZATION_LEVEL = "-Onone";
			};
			name = Debug;
		};
		684BC7AA287FA00B0093CD24 /* Release */ = {
			isa = XCBuildConfiguration;
			buildSettings = {
				ALWAYS_SEARCH_USER_PATHS = NO;
				CLANG_ANALYZER_NONNULL = YES;
				CLANG_ANALYZER_NUMBER_OBJECT_CONVERSION = YES_AGGRESSIVE;
				CLANG_CXX_LANGUAGE_STANDARD = "gnu++17";
				CLANG_ENABLE_MODULES = YES;
				CLANG_ENABLE_OBJC_ARC = YES;
				CLANG_ENABLE_OBJC_WEAK = YES;
				CLANG_WARN_BLOCK_CAPTURE_AUTORELEASING = YES;
				CLANG_WARN_BOOL_CONVERSION = YES;
				CLANG_WARN_COMMA = YES;
				CLANG_WARN_CONSTANT_CONVERSION = YES;
				CLANG_WARN_DEPRECATED_OBJC_IMPLEMENTATIONS = YES;
				CLANG_WARN_DIRECT_OBJC_ISA_USAGE = YES_ERROR;
				CLANG_WARN_DOCUMENTATION_COMMENTS = YES;
				CLANG_WARN_EMPTY_BODY = YES;
				CLANG_WARN_ENUM_CONVERSION = YES;
				CLANG_WARN_INFINITE_RECURSION = YES;
				CLANG_WARN_INT_CONVERSION = YES;
				CLANG_WARN_NON_LITERAL_NULL_CONVERSION = YES;
				CLANG_WARN_OBJC_IMPLICIT_RETAIN_SELF = YES;
				CLANG_WARN_OBJC_LITERAL_CONVERSION = YES;
				CLANG_WARN_OBJC_ROOT_CLASS = YES_ERROR;
				CLANG_WARN_QUOTED_INCLUDE_IN_FRAMEWORK_HEADER = YES;
				CLANG_WARN_RANGE_LOOP_ANALYSIS = YES;
				CLANG_WARN_STRICT_PROTOTYPES = YES;
				CLANG_WARN_SUSPICIOUS_MOVE = YES;
				CLANG_WARN_UNGUARDED_AVAILABILITY = YES_AGGRESSIVE;
				CLANG_WARN_UNREACHABLE_CODE = YES;
				CLANG_WARN__DUPLICATE_METHOD_MATCH = YES;
				COPY_PHASE_STRIP = NO;
				DEBUG_INFORMATION_FORMAT = "dwarf-with-dsym";
				ENABLE_NS_ASSERTIONS = NO;
				ENABLE_STRICT_OBJC_MSGSEND = YES;
				GCC_C_LANGUAGE_STANDARD = gnu11;
				GCC_NO_COMMON_BLOCKS = YES;
				GCC_WARN_64_TO_32_BIT_CONVERSION = YES;
				GCC_WARN_ABOUT_RETURN_TYPE = YES_ERROR;
				GCC_WARN_UNDECLARED_SELECTOR = YES;
				GCC_WARN_UNINITIALIZED_AUTOS = YES_AGGRESSIVE;
				GCC_WARN_UNUSED_FUNCTION = YES;
				GCC_WARN_UNUSED_VARIABLE = YES;
				IPHONEOS_DEPLOYMENT_TARGET = 15.5;
				MTL_ENABLE_DEBUG_INFO = NO;
				MTL_FAST_MATH = YES;
				SDKROOT = iphoneos;
				SWIFT_COMPILATION_MODE = wholemodule;
				SWIFT_OPTIMIZATION_LEVEL = "-O";
				VALIDATE_PRODUCT = YES;
			};
			name = Release;
		};
		684BC7AC287FA00B0093CD24 /* Debug */ = {
			isa = XCBuildConfiguration;
			buildSettings = {
				ASSETCATALOG_COMPILER_APPICON_NAME = AppIcon;
				ASSETCATALOG_COMPILER_GLOBAL_ACCENT_COLOR_NAME = AccentColor;
				CODE_SIGN_STYLE = Automatic;
				CURRENT_PROJECT_VERSION = 1;
				GENERATE_INFOPLIST_FILE = YES;
				INFOPLIST_FILE = "Contact App CoreData/Info.plist";
				INFOPLIST_KEY_UIApplicationSupportsIndirectInputEvents = YES;
				INFOPLIST_KEY_UILaunchStoryboardName = LaunchScreen;
				INFOPLIST_KEY_UIMainStoryboardFile = Main;
				INFOPLIST_KEY_UISupportedInterfaceOrientations_iPad = "UIInterfaceOrientationPortrait UIInterfaceOrientationPortraitUpsideDown UIInterfaceOrientationLandscapeLeft UIInterfaceOrientationLandscapeRight";
				INFOPLIST_KEY_UISupportedInterfaceOrientations_iPhone = "UIInterfaceOrientationPortrait UIInterfaceOrientationLandscapeLeft UIInterfaceOrientationLandscapeRight";
				LD_RUNPATH_SEARCH_PATHS = (
					"$(inherited)",
					"@executable_path/Frameworks",
				);
				MARKETING_VERSION = 1.0;
				PRODUCT_BUNDLE_IDENTIFIER = "cl.nelsontapia.Contact-App-CoreData";
				PRODUCT_NAME = "$(TARGET_NAME)";
				SWIFT_EMIT_LOC_STRINGS = YES;
				SWIFT_VERSION = 5.0;
				TARGETED_DEVICE_FAMILY = "1,2";
			};
			name = Debug;
		};
		684BC7AD287FA00B0093CD24 /* Release */ = {
			isa = XCBuildConfiguration;
			buildSettings = {
				ASSETCATALOG_COMPILER_APPICON_NAME = AppIcon;
				ASSETCATALOG_COMPILER_GLOBAL_ACCENT_COLOR_NAME = AccentColor;
				CODE_SIGN_STYLE = Automatic;
				CURRENT_PROJECT_VERSION = 1;
				GENERATE_INFOPLIST_FILE = YES;
				INFOPLIST_FILE = "Contact App CoreData/Info.plist";
				INFOPLIST_KEY_UIApplicationSupportsIndirectInputEvents = YES;
				INFOPLIST_KEY_UILaunchStoryboardName = LaunchScreen;
				INFOPLIST_KEY_UIMainStoryboardFile = Main;
				INFOPLIST_KEY_UISupportedInterfaceOrientations_iPad = "UIInterfaceOrientationPortrait UIInterfaceOrientationPortraitUpsideDown UIInterfaceOrientationLandscapeLeft UIInterfaceOrientationLandscapeRight";
				INFOPLIST_KEY_UISupportedInterfaceOrientations_iPhone = "UIInterfaceOrientationPortrait UIInterfaceOrientationLandscapeLeft UIInterfaceOrientationLandscapeRight";
				LD_RUNPATH_SEARCH_PATHS = (
					"$(inherited)",
					"@executable_path/Frameworks",
				);
				MARKETING_VERSION = 1.0;
				PRODUCT_BUNDLE_IDENTIFIER = "cl.nelsontapia.Contact-App-CoreData";
				PRODUCT_NAME = "$(TARGET_NAME)";
				SWIFT_EMIT_LOC_STRINGS = YES;
				SWIFT_VERSION = 5.0;
				TARGETED_DEVICE_FAMILY = "1,2";
			};
			name = Release;
		};
/* End XCBuildConfiguration section */

/* Begin XCConfigurationList section */
		684BC78F287FA00A0093CD24 /* Build configuration list for PBXProject "Contact App CoreData" */ = {
			isa = XCConfigurationList;
			buildConfigurations = (
				684BC7A9287FA00B0093CD24 /* Debug */,
				684BC7AA287FA00B0093CD24 /* Release */,
			);
			defaultConfigurationIsVisible = 0;
			defaultConfigurationName = Release;
		};
		684BC7AB287FA00B0093CD24 /* Build configuration list for PBXNativeTarget "Contact App CoreData" */ = {
			isa = XCConfigurationList;
			buildConfigurations = (
				684BC7AC287FA00B0093CD24 /* Debug */,
				684BC7AD287FA00B0093CD24 /* Release */,
			);
			defaultConfigurationIsVisible = 0;
			defaultConfigurationName = Release;
		};
/* End XCConfigurationList section */

/* Begin XCVersionGroup section */
		684BC7A0287FA00A0093CD24 /* Contact_App_CoreData.xcdatamodeld */ = {
			isa = XCVersionGroup;
			children = (
				684BC7A1287FA00A0093CD24 /* Contact_App_CoreData.xcdatamodel */,
			);
			currentVersion = 684BC7A1287FA00A0093CD24 /* Contact_App_CoreData.xcdatamodel */;
			path = Contact_App_CoreData.xcdatamodeld;
			sourceTree = "<group>";
			versionGroupType = wrapper.xcdatamodel;
		};
/* End XCVersionGroup section */
	};
	rootObject = 684BC78C287FA00A0093CD24 /* Project object */;
}
